
Microsoft Visual Studio Solution File, Format Version 12.00
# Visual Studio 15
VisualStudioVersion = 15.0.28307.572
MinimumVisualStudioVersion = 10.0.40219.1
Project("{9A19103F-16F7-4668-BE54-9A1E7A4F7556}") = "DutchTreat", "DutchTreat\DutchTreat.csproj", "{F4DE4242-DD6D-4FCA-90B6-119968C0145F}"
EndProject
Global
	GlobalSection(SolutionConfigurationPlatforms) = preSolution
		Debug|Any CPU = Debug|Any CPU
		Release|Any CPU = Release|Any CPU
	EndGlobalSection
	GlobalSection(ProjectConfigurationPlatforms) = postSolution
		{F4DE4242-DD6D-4FCA-90B6-119968C0145F}.Debug|Any CPU.ActiveCfg = Debug|Any CPU
		{F4DE4242-DD6D-4FCA-90B6-119968C0145F}.Debug|Any CPU.Build.0 = Debug|Any CPU
		{F4DE4242-DD6D-4FCA-90B6-119968C0145F}.Release|Any CPU.ActiveCfg = Release|Any CPU
		{F4DE4242-DD6D-4FCA-90B6-119968C0145F}.Release|Any CPU.Build.0 = Release|Any CPU
	EndGlobalSection
	GlobalSection(SolutionProperties) = preSolution
		HideSolutionNode = FALSE
	EndGlobalSection
	GlobalSection(ExtensibilityGlobals) = postSolution
		SolutionGuid = {871FE706-0827-4A4F-849C-8267D9E2FB8D}
	EndGlobalSection
EndGlobal
